
Microsoft Visual Studio Solution File, Format Version 12.00
# Visual Studio 15
VisualStudioVersion = 15.0.28010.2046
MinimumVisualStudioVersion = 10.0.40219.1
Project("{FAE04EC0-301F-11D3-BF4B-00C04F79EFBC}") = "LightBulbBackend", "LightBulbBackend\LightBulbBackend.csproj", "{934A52AB-D43E-474E-9367-C46B551C8F26}"
EndProject
Global
	GlobalSection(SolutionConfigurationPlatforms) = preSolution
		Debug|Any CPU = Debug|Any CPU
		Release|Any CPU = Release|Any CPU
	EndGlobalSection
	GlobalSection(ProjectConfigurationPlatforms) = postSolution
		{934A52AB-D43E-474E-9367-C46B551C8F26}.Debug|Any CPU.ActiveCfg = Debug|Any CPU
		{934A52AB-D43E-474E-9367-C46B551C8F26}.Debug|Any CPU.Build.0 = Debug|Any CPU
		{934A52AB-D43E-474E-9367-C46B551C8F26}.Release|Any CPU.ActiveCfg = Release|Any CPU
		{934A52AB-D43E-474E-9367-C46B551C8F26}.Release|Any CPU.Build.0 = Release|Any CPU
	EndGlobalSection
	GlobalSection(SolutionProperties) = preSolution
		HideSolutionNode = FALSE
	EndGlobalSection
	GlobalSection(ExtensibilityGlobals) = postSolution
		SolutionGuid = {A1BB54BB-FA7B-4161-9103-1AFF4F79F975}
	EndGlobalSection
EndGlobal
